// !$*UTF8*$!
{
	archiveVersion = 1;
	classes = {
	};
	objectVersion = 56;
	objects = {

/* Begin PBXBuildFile section */
		F1DEBE5F2BBF73D9009C99A3 /* AppDelegate.swift in Sources */ = {isa = PBXBuildFile; fileRef = F1DEBE5E2BBF73D9009C99A3 /* AppDelegate.swift */; };
		F1DEBE612BBF73D9009C99A3 /* SceneDelegate.swift in Sources */ = {isa = PBXBuildFile; fileRef = F1DEBE602BBF73D9009C99A3 /* SceneDelegate.swift */; };
		F1DEBE632BBF73D9009C99A3 /* ViewController.swift in Sources */ = {isa = PBXBuildFile; fileRef = F1DEBE622BBF73D9009C99A3 /* ViewController.swift */; };
		F1DEBE662BBF73D9009C99A3 /* Base in Resources */ = {isa = PBXBuildFile; fileRef = F1DEBE652BBF73D9009C99A3 /* Base */; };
		F1DEBE682BBF73DB009C99A3 /* Assets.xcassets in Resources */ = {isa = PBXBuildFile; fileRef = F1DEBE672BBF73DB009C99A3 /* Assets.xcassets */; };
		F1DEBE6B2BBF73DB009C99A3 /* Base in Resources */ = {isa = PBXBuildFile; fileRef = F1DEBE6A2BBF73DB009C99A3 /* Base */; };
		F1DEBE732BBF7499009C99A3 /* MiddleViewController.swift in Sources */ = {isa = PBXBuildFile; fileRef = F1DEBE722BBF7499009C99A3 /* MiddleViewController.swift */; };
		F1DEBE752BBF74AF009C99A3 /* LastViewController.swift in Sources */ = {isa = PBXBuildFile; fileRef = F1DEBE742BBF74AF009C99A3 /* LastViewController.swift */; };
/* End PBXBuildFile section */

/* Begin PBXFileReference section */
		F1DEBE5B2BBF73D9009C99A3 /* actividad8-2.app */ = {isa = PBXFileReference; explicitFileType = wrapper.application; includeInIndex = 0; path = "actividad8-2.app"; sourceTree = BUILT_PRODUCTS_DIR; };
		F1DEBE5E2BBF73D9009C99A3 /* AppDelegate.swift */ = {isa = PBXFileReference; lastKnownFileType = sourcecode.swift; path = AppDelegate.swift; sourceTree = "<group>"; };
		F1DEBE602BBF73D9009C99A3 /* SceneDelegate.swift */ = {isa = PBXFileReference; lastKnownFileType = sourcecode.swift; path = SceneDelegate.swift; sourceTree = "<group>"; };
		F1DEBE622BBF73D9009C99A3 /* ViewController.swift */ = {isa = PBXFileReference; lastKnownFileType = sourcecode.swift; path = ViewController.swift; sourceTree = "<group>"; };
		F1DEBE652BBF73D9009C99A3 /* Base */ = {isa = PBXFileReference; lastKnownFileType = file.storyboard; name = Base; path = Base.lproj/Main.storyboard; sourceTree = "<group>"; };
		F1DEBE672BBF73DB009C99A3 /* Assets.xcassets */ = {isa = PBXFileReference; lastKnownFileType = folder.assetcatalog; path = Assets.xcassets; sourceTree = "<group>"; };
		F1DEBE6A2BBF73DB009C99A3 /* Base */ = {isa = PBXFileReference; lastKnownFileType = file.storyboard; name = Base; path = Base.lproj/LaunchScreen.storyboard; sourceTree = "<group>"; };
		F1DEBE6C2BBF73DB009C99A3 /* Info.plist */ = {isa = PBXFileReference; lastKnownFileType = text.plist.xml; path = Info.plist; sourceTree = "<group>"; };
		F1DEBE722BBF7499009C99A3 /* MiddleViewController.swift */ = {isa = PBXFileReference; lastKnownFileType = sourcecode.swift; path = MiddleViewController.swift; sourceTree = "<group>"; };
		F1DEBE742BBF74AF009C99A3 /* LastViewController.swift */ = {isa = PBXFileReference; lastKnownFileType = sourcecode.swift; path = LastViewController.swift; sourceTree = "<group>"; };
/* End PBXFileReference section */

/* Begin PBXFrameworksBuildPhase section */
		F1DEBE582BBF73D9009C99A3 /* Frameworks */ = {
			isa = PBXFrameworksBuildPhase;
			buildActionMask = 2147483647;
			files = (
			);
			runOnlyForDeploymentPostprocessing = 0;
		};
/* End PBXFrameworksBuildPhase section */

/* Begin PBXGroup section */
		F1DEBE522BBF73D9009C99A3 = {
			isa = PBXGroup;
			children = (
				F1DEBE5D2BBF73D9009C99A3 /* actividad8-2 */,
				F1DEBE5C2BBF73D9009C99A3 /* Products */,
			);
			sourceTree = "<group>";
		};
		F1DEBE5C2BBF73D9009C99A3 /* Products */ = {
			isa = PBXGroup;
			children = (
				F1DEBE5B2BBF73D9009C99A3 /* actividad8-2.app */,
			);
			name = Products;
			sourceTree = "<group>";
		};
		F1DEBE5D2BBF73D9009C99A3 /* actividad8-2 */ = {
			isa = PBXGroup;
			children = (
				F1DEBE5E2BBF73D9009C99A3 /* AppDelegate.swift */,
				F1DEBE602BBF73D9009C99A3 /* SceneDelegate.swift */,
				F1DEBE622BBF73D9009C99A3 /* ViewController.swift */,
				F1DEBE642BBF73D9009C99A3 /* Main.storyboard */,
				F1DEBE722BBF7499009C99A3 /* MiddleViewController.swift */,
				F1DEBE742BBF74AF009C99A3 /* LastViewController.swift */,
				F1DEBE672BBF73DB009C99A3 /* Assets.xcassets */,
				F1DEBE692BBF73DB009C99A3 /* LaunchScreen.storyboard */,
				F1DEBE6C2BBF73DB009C99A3 /* Info.plist */,
			);
			path = "actividad8-2";
			sourceTree = "<group>";
		};
/* End PBXGroup section */

/* Begin PBXNativeTarget section */
		F1DEBE5A2BBF73D9009C99A3 /* actividad8-2 */ = {
			isa = PBXNativeTarget;
			buildConfigurationList = F1DEBE6F2BBF73DB009C99A3 /* Build configuration list for PBXNativeTarget "actividad8-2" */;
			buildPhases = (
				F1DEBE572BBF73D9009C99A3 /* Sources */,
				F1DEBE582BBF73D9009C99A3 /* Frameworks */,
				F1DEBE592BBF73D9009C99A3 /* Resources */,
			);
			buildRules = (
			);
			dependencies = (
			);
			name = "actividad8-2";
			productName = "actividad8-2";
			productReference = F1DEBE5B2BBF73D9009C99A3 /* actividad8-2.app */;
			productType = "com.apple.product-type.application";
		};
/* End PBXNativeTarget section */

/* Begin PBXProject section */
		F1DEBE532BBF73D9009C99A3 /* Project object */ = {
			isa = PBXProject;
			attributes = {
				BuildIndependentTargetsInParallel = 1;
				LastSwiftUpdateCheck = 1530;
				LastUpgradeCheck = 1530;
				TargetAttributes = {
					F1DEBE5A2BBF73D9009C99A3 = {
						CreatedOnToolsVersion = 15.3;
					};
				};
			};
			buildConfigurationList = F1DEBE562BBF73D9009C99A3 /* Build configuration list for PBXProject "actividad8-2" */;
			compatibilityVersion = "Xcode 14.0";
			developmentRegion = en;
			hasScannedForEncodings = 0;
			knownRegions = (
				en,
				Base,
			);
			mainGroup = F1DEBE522BBF73D9009C99A3;
			productRefGroup = F1DEBE5C2BBF73D9009C99A3 /* Products */;
			projectDirPath = "";
			projectRoot = "";
			targets = (
				F1DEBE5A2BBF73D9009C99A3 /* actividad8-2 */,
			);
		};
/* End PBXProject section */

/* Begin PBXResourcesBuildPhase section */
		F1DEBE592BBF73D9009C99A3 /* Resources */ = {
			isa = PBXResourcesBuildPhase;
			buildActionMask = 2147483647;
			files = (
				F1DEBE682BBF73DB009C99A3 /* Assets.xcassets in Resources */,
				F1DEBE6B2BBF73DB009C99A3 /* Base in Resources */,
				F1DEBE662BBF73D9009C99A3 /* Base in Resources */,
			);
			runOnlyForDeploymentPostprocessing = 0;
		};
/* End PBXResourcesBuildPhase section */

/* Begin PBXSourcesBuildPhase section */
		F1DEBE572BBF73D9009C99A3 /* Sources */ = {
			isa = PBXSourcesBuildPhase;
			buildActionMask = 2147483647;
			files = (
				F1DEBE632BBF73D9009C99A3 /* ViewController.swift in Sources */,
				F1DEBE752BBF74AF009C99A3 /* LastViewController.swift in Sources */,
				F1DEBE5F2BBF73D9009C99A3 /* AppDelegate.swift in Sources */,
				F1DEBE612BBF73D9009C99A3 /* SceneDelegate.swift in Sources */,
				F1DEBE732BBF7499009C99A3 /* MiddleViewController.swift in Sources */,
			);
			runOnlyForDeploymentPostprocessing = 0;
		};
/* End PBXSourcesBuildPhase section */

/* Begin PBXVariantGroup section */
		F1DEBE642BBF73D9009C99A3 /* Main.storyboard */ = {
			isa = PBXVariantGroup;
			children = (
				F1DEBE652BBF73D9009C99A3 /* Base */,
			);
			name = Main.storyboard;
			sourceTree = "<group>";
		};
		F1DEBE692BBF73DB009C99A3 /* LaunchScreen.storyboard */ = {
			isa = PBXVariantGroup;
			children = (
				F1DEBE6A2BBF73DB009C99A3 /* Base */,
			);
			name = LaunchScreen.storyboard;
			sourceTree = "<group>";
		};
/* End PBXVariantGroup section */

/* Begin XCBuildConfiguration section */
		F1DEBE6D2BBF73DB009C99A3 /* Debug */ = {
			isa = XCBuildConfiguration;
			buildSettings = {
				ALWAYS_SEARCH_USER_PATHS = NO;
				ASSETCATALOG_COMPILER_GENERATE_SWIFT_ASSET_SYMBOL_EXTENSIONS = YES;
				CLANG_ANALYZER_NONNULL = YES;
				CLANG_ANALYZER_NUMBER_OBJECT_CONVERSION = YES_AGGRESSIVE;
				CLANG_CXX_LANGUAGE_STANDARD = "gnu++20";
				CLANG_ENABLE_MODULES = YES;
				CLANG_ENABLE_OBJC_ARC = YES;
				CLANG_ENABLE_OBJC_WEAK = YES;
				CLANG_WARN_BLOCK_CAPTURE_AUTORELEASING = YES;
				CLANG_WARN_BOOL_CONVERSION = YES;
				CLANG_WARN_COMMA = YES;
				CLANG_WARN_CONSTANT_CONVERSION = YES;
				CLANG_WARN_DEPRECATED_OBJC_IMPLEMENTATIONS = YES;
				CLANG_WARN_DIRECT_OBJC_ISA_USAGE = YES_ERROR;
				CLANG_WARN_DOCUMENTATION_COMMENTS = YES;
				CLANG_WARN_EMPTY_BODY = YES;
				CLANG_WARN_ENUM_CONVERSION = YES;
				CLANG_WARN_INFINITE_RECURSION = YES;
				CLANG_WARN_INT_CONVERSION = YES;
				CLANG_WARN_NON_LITERAL_NULL_CONVERSION = YES;
				CLANG_WARN_OBJC_IMPLICIT_RETAIN_SELF = YES;
				CLANG_WARN_OBJC_LITERAL_CONVERSION = YES;
				CLANG_WARN_OBJC_ROOT_CLASS = YES_ERROR;
				CLANG_WARN_QUOTED_INCLUDE_IN_FRAMEWORK_HEADER = YES;
				CLANG_WARN_RANGE_LOOP_ANALYSIS = YES;
				CLANG_WARN_STRICT_PROTOTYPES = YES;
				CLANG_WARN_SUSPICIOUS_MOVE = YES;
				CLANG_WARN_UNGUARDED_AVAILABILITY = YES_AGGRESSIVE;
				CLANG_WARN_UNREACHABLE_CODE = YES;
				CLANG_WARN__DUPLICATE_METHOD_MATCH = YES;
				COPY_PHASE_STRIP = NO;
				DEBUG_INFORMATION_FORMAT = dwarf;
				ENABLE_STRICT_OBJC_MSGSEND = YES;
				ENABLE_TESTABILITY = YES;
				ENABLE_USER_SCRIPT_SANDBOXING = YES;
				GCC_C_LANGUAGE_STANDARD = gnu17;
				GCC_DYNAMIC_NO_PIC = NO;
				GCC_NO_COMMON_BLOCKS = YES;
				GCC_OPTIMIZATION_LEVEL = 0;
				GCC_PREPROCESSOR_DEFINITIONS = (
					"DEBUG=1",
					"$(inherited)",
				);
				GCC_WARN_64_TO_32_BIT_CONVERSION = YES;
				GCC_WARN_ABOUT_RETURN_TYPE = YES_ERROR;
				GCC_WARN_UNDECLARED_SELECTOR = YES;
				GCC_WARN_UNINITIALIZED_AUTOS = YES_AGGRESSIVE;
				GCC_WARN_UNUSED_FUNCTION = YES;
				GCC_WARN_UNUSED_VARIABLE = YES;
				IPHONEOS_DEPLOYMENT_TARGET = 17.4;
				LOCALIZATION_PREFERS_STRING_CATALOGS = YES;
				MTL_ENABLE_DEBUG_INFO = INCLUDE_SOURCE;
				MTL_FAST_MATH = YES;
				ONLY_ACTIVE_ARCH = YES;
				SDKROOT = iphoneos;
				SWIFT_ACTIVE_COMPILATION_CONDITIONS = "DEBUG $(inherited)";
				SWIFT_OPTIMIZATION_LEVEL = "-Onone";
			};
			name = Debug;
		};
		F1DEBE6E2BBF73DB009C99A3 /* Release */ = {
			isa = XCBuildConfiguration;
			buildSettings = {
				ALWAYS_SEARCH_USER_PATHS = NO;
				ASSETCATALOG_COMPILER_GENERATE_SWIFT_ASSET_SYMBOL_EXTENSIONS = YES;
				CLANG_ANALYZER_NONNULL = YES;
				CLANG_ANALYZER_NUMBER_OBJECT_CONVERSION = YES_AGGRESSIVE;
				CLANG_CXX_LANGUAGE_STANDARD = "gnu++20";
				CLANG_ENABLE_MODULES = YES;
				CLANG_ENABLE_OBJC_ARC = YES;
				CLANG_ENABLE_OBJC_WEAK = YES;
				CLANG_WARN_BLOCK_CAPTURE_AUTORELEASING = YES;
				CLANG_WARN_BOOL_CONVERSION = YES;
				CLANG_WARN_COMMA = YES;
				CLANG_WARN_CONSTANT_CONVERSION = YES;
				CLANG_WARN_DEPRECATED_OBJC_IMPLEMENTATIONS = YES;
				CLANG_WARN_DIRECT_OBJC_ISA_USAGE = YES_ERROR;
				CLANG_WARN_DOCUMENTATION_COMMENTS = YES;
				CLANG_WARN_EMPTY_BODY = YES;
				CLANG_WARN_ENUM_CONVERSION = YES;
				CLANG_WARN_INFINITE_RECURSION = YES;
				CLANG_WARN_INT_CONVERSION = YES;
				CLANG_WARN_NON_LITERAL_NULL_CONVERSION = YES;
				CLANG_WARN_OBJC_IMPLICIT_RETAIN_SELF = YES;
				CLANG_WARN_OBJC_LITERAL_CONVERSION = YES;
				CLANG_WARN_OBJC_ROOT_CLASS = YES_ERROR;
				CLANG_WARN_QUOTED_INCLUDE_IN_FRAMEWORK_HEADER = YES;
				CLANG_WARN_RANGE_LOOP_ANALYSIS = YES;
				CLANG_WARN_STRICT_PROTOTYPES = YES;
				CLANG_WARN_SUSPICIOUS_MOVE = YES;
				CLANG_WARN_UNGUARDED_AVAILABILITY = YES_AGGRESSIVE;
				CLANG_WARN_UNREACHABLE_CODE = YES;
				CLANG_WARN__DUPLICATE_METHOD_MATCH = YES;
				COPY_PHASE_STRIP = NO;
				DEBUG_INFORMATION_FORMAT = "dwarf-with-dsym";
				ENABLE_NS_ASSERTIONS = NO;
				ENABLE_STRICT_OBJC_MSGSEND = YES;
				ENABLE_USER_SCRIPT_SANDBOXING = YES;
				GCC_C_LANGUAGE_STANDARD = gnu17;
				GCC_NO_COMMON_BLOCKS = YES;
				GCC_WARN_64_TO_32_BIT_CONVERSION = YES;
				GCC_WARN_ABOUT_RETURN_TYPE = YES_ERROR;
				GCC_WARN_UNDECLARED_SELECTOR = YES;
				GCC_WARN_UNINITIALIZED_AUTOS = YES_AGGRESSIVE;
				GCC_WARN_UNUSED_FUNCTION = YES;
				GCC_WARN_UNUSED_VARIABLE = YES;
				IPHONEOS_DEPLOYMENT_TARGET = 17.4;
				LOCALIZATION_PREFERS_STRING_CATALOGS = YES;
				MTL_ENABLE_DEBUG_INFO = NO;
				MTL_FAST_MATH = YES;
				SDKROOT = iphoneos;
				SWIFT_COMPILATION_MODE = wholemodule;
				VALIDATE_PRODUCT = YES;
			};
			name = Release;
		};
		F1DEBE702BBF73DB009C99A3 /* Debug */ = {
			isa = XCBuildConfiguration;
			buildSettings = {
				ASSETCATALOG_COMPILER_APPICON_NAME = AppIcon;
				ASSETCATALOG_COMPILER_GLOBAL_ACCENT_COLOR_NAME = AccentColor;
				CODE_SIGN_STYLE = Automatic;
				CURRENT_PROJECT_VERSION = 1;
				DEVELOPMENT_TEAM = X957Y3FGVG;
				GENERATE_INFOPLIST_FILE = YES;
				INFOPLIST_FILE = "actividad8-2/Info.plist";
				INFOPLIST_KEY_UIApplicationSupportsIndirectInputEvents = YES;
				INFOPLIST_KEY_UILaunchStoryboardName = LaunchScreen;
				INFOPLIST_KEY_UIMainStoryboardFile = Main;
				INFOPLIST_KEY_UISupportedInterfaceOrientations_iPad = "UIInterfaceOrientationPortrait UIInterfaceOrientationPortraitUpsideDown UIInterfaceOrientationLandscapeLeft UIInterfaceOrientationLandscapeRight";
				INFOPLIST_KEY_UISupportedInterfaceOrientations_iPhone = "UIInterfaceOrientationPortrait UIInterfaceOrientationLandscapeLeft UIInterfaceOrientationLandscapeRight";
				LD_RUNPATH_SEARCH_PATHS = (
					"$(inherited)",
					"@executable_path/Frameworks",
				);
				MARKETING_VERSION = 1.0;
				PRODUCT_BUNDLE_IDENTIFIER = "diegoQ.actividad8-2";
				PRODUCT_NAME = "$(TARGET_NAME)";
				SWIFT_EMIT_LOC_STRINGS = YES;
				SWIFT_VERSION = 5.0;
				TARGETED_DEVICE_FAMILY = "1,2";
			};
			name = Debug;
		};
		F1DEBE712BBF73DB009C99A3 /* Release */ = {
			isa = XCBuildConfiguration;
			buildSettings = {
				ASSETCATALOG_COMPILER_APPICON_NAME = AppIcon;
				ASSETCATALOG_COMPILER_GLOBAL_ACCENT_COLOR_NAME = AccentColor;
				CODE_SIGN_STYLE = Automatic;
				CURRENT_PROJECT_VERSION = 1;
				DEVELOPMENT_TEAM = X957Y3FGVG;
				GENERATE_INFOPLIST_FILE = YES;
				INFOPLIST_FILE = "actividad8-2/Info.plist";
				INFOPLIST_KEY_UIApplicationSupportsIndirectInputEvents = YES;
				INFOPLIST_KEY_UILaunchStoryboardName = LaunchScreen;
				INFOPLIST_KEY_UIMainStoryboardFile = Main;
				INFOPLIST_KEY_UISupportedInterfaceOrientations_iPad = "UIInterfaceOrientationPortrait UIInterfaceOrientationPortraitUpsideDown UIInterfaceOrientationLandscapeLeft UIInterfaceOrientationLandscapeRight";
				INFOPLIST_KEY_UISupportedInterfaceOrientations_iPhone = "UIInterfaceOrientationPortrait UIInterfaceOrientationLandscapeLeft UIInterfaceOrientationLandscapeRight";
				LD_RUNPATH_SEARCH_PATHS = (
					"$(inherited)",
					"@executable_path/Frameworks",
				);
				MARKETING_VERSION = 1.0;
				PRODUCT_BUNDLE_IDENTIFIER = "diegoQ.actividad8-2";
				PRODUCT_NAME = "$(TARGET_NAME)";
				SWIFT_EMIT_LOC_STRINGS = YES;
				SWIFT_VERSION = 5.0;
				TARGETED_DEVICE_FAMILY = "1,2";
			};
			name = Release;
		};
/* End XCBuildConfiguration section */

/* Begin XCConfigurationList section */
		F1DEBE562BBF73D9009C99A3 /* Build configuration list for PBXProject "actividad8-2" */ = {
			isa = XCConfigurationList;
			buildConfigurations = (
				F1DEBE6D2BBF73DB009C99A3 /* Debug */,
				F1DEBE6E2BBF73DB009C99A3 /* Release */,
			);
			defaultConfigurationIsVisible = 0;
			defaultConfigurationName = Release;
		};
		F1DEBE6F2BBF73DB009C99A3 /* Build configuration list for PBXNativeTarget "actividad8-2" */ = {
			isa = XCConfigurationList;
			buildConfigurations = (
				F1DEBE702BBF73DB009C99A3 /* Debug */,
				F1DEBE712BBF73DB009C99A3 /* Release */,
			);
			defaultConfigurationIsVisible = 0;
			defaultConfigurationName = Release;
		};
/* End XCConfigurationList section */
	};
	rootObject = F1DEBE532BBF73D9009C99A3 /* Project object */;
}
